{
  "nodes": {
    "nix-vite-plus": {
      "inputs": {
        "nixpkgs": [
          "nixpkgs"
        ]
      },
      "locked": {
        "lastModified": 1784531172,
        "narHash": "sha256-me88yVlhgcx1dGAhRm0OgjjBNowA/rYFOYr4vdoX8ms=",
        "owner": "ryoppippi",
        "repo": "nix-vite-plus",
        "rev": "ee08e5e2fe6a406f7f1dc8cce174deaf2490017a",
        "type": "github"
      },
      "original": {
        "owner": "ryoppippi",
        "repo": "nix-vite-plus",
        "type": "github"
      }
    },
    "nixpkgs": {
      "locked": {
        "lastModified": 1784555310,
        "narHash": "sha256-/FCliTPgiuV1owejZFNx3Ch9irdvkOfOFl+HHZ+DrtM=",
        "owner": "NixOS",
        "repo": "nixpkgs",
        "rev": "421eebfd0ec7bccd4abe826ce62d7e6e83129493",
        "type": "github"
      },
      "original": {
        "owner": "NixOS",
        "ref": "nixpkgs-unstable",
        "repo": "nixpkgs",
        "type": "github"
      }
    },
    "root": {
      "inputs": {
        "nix-vite-plus": "nix-vite-plus",
        "nixpkgs": "nixpkgs"
      }
    }
  },
  "root": "root",
  "version": 7
}
